
Microsoft Visual Studio Solution File, Format Version 12.00
# Visual Studio Version 17
VisualStudioVersion = 17.11.35327.3
MinimumVisualStudioVersion = 10.0.40219.1
Project("{888888A0-9F3D-457C-B088-3A5042F75D52}") = "gui_server", "gui_server\gui_server.pyproj", "{5707D3E3-1886-47BF-9611-6619BA48808B}"
EndProject
Global
	GlobalSection(SolutionConfigurationPlatforms) = preSolution
		Debug|Any CPU = Debug|Any CPU
		Release|Any CPU = Release|Any CPU
	EndGlobalSection
	GlobalSection(ProjectConfigurationPlatforms) = postSolution
		{5707D3E3-1886-47BF-9611-6619BA48808B}.Debug|Any CPU.ActiveCfg = Debug|Any CPU
		{5707D3E3-1886-47BF-9611-6619BA48808B}.Release|Any CPU.ActiveCfg = Release|Any CPU
	EndGlobalSection
	GlobalSection(SolutionProperties) = preSolution
		HideSolutionNode = FALSE
	EndGlobalSection
	GlobalSection(ExtensibilityGlobals) = postSolution
		SolutionGuid = {003D2826-9A67-4CA8-A871-4EF5AB89BB42}
	EndGlobalSection
EndGlobal
